
Microsoft Visual Studio Solution File, Format Version 12.00
# Visual Studio Version 16
VisualStudioVersion = 16.6.30114.105
MinimumVisualStudioVersion = 10.0.40219.1
Project("{2150E333-8FDC-42A3-9474-1A3956D46DE8}") = "src", "src", "{C282870B-3AAF-4E04-B227-0118416C4A3C}"
EndProject
Project("{9A19103F-16F7-4668-BE54-9A1E7A4F7556}") = "QuakeLogSummarizer.Application", "src\QuakeLogSummarizer.Application\QuakeLogSummarizer.Application.csproj", "{FD2594DF-CDAB-4C21-89F2-CC8DE2E3C412}"
EndProject
Project("{2150E333-8FDC-42A3-9474-1A3956D46DE8}") = "test", "test", "{E016D2A7-C663-4478-A675-5292853B34FD}"
EndProject
Project("{9A19103F-16F7-4668-BE54-9A1E7A4F7556}") = "QuakeLogSummarizer.UnitTest", "test\QuakeLogSummarizer.UnitTest\QuakeLogSummarizer.UnitTest.csproj", "{B03AF555-74AD-4D8F-90DC-81FEB832F0A2}"
EndProject
Project("{9A19103F-16F7-4668-BE54-9A1E7A4F7556}") = "QuakeLogSummarizer.Core", "src\QuakeLogSummarizer.Core\QuakeLogSummarizer.Core.csproj", "{AE2F1D7C-34B9-4F92-B32E-661C6AA15BCA}"
EndProject
Project("{9A19103F-16F7-4668-BE54-9A1E7A4F7556}") = "QuakeLogSummarizer.Infrastructure", "src\QuakeLogSummarizer.Infrastructure\QuakeLogSummarizer.Infrastructure.csproj", "{7A18A5F0-63BE-4DAD-833F-D709244865BD}"
EndProject
Global
	GlobalSection(SolutionConfigurationPlatforms) = preSolution
		Debug|Any CPU = Debug|Any CPU
		Debug|x64 = Debug|x64
		Debug|x86 = Debug|x86
		Release|Any CPU = Release|Any CPU
		Release|x64 = Release|x64
		Release|x86 = Release|x86
	EndGlobalSection
	GlobalSection(ProjectConfigurationPlatforms) = postSolution
		{FD2594DF-CDAB-4C21-89F2-CC8DE2E3C412}.Debug|Any CPU.ActiveCfg = Debug|Any CPU
		{FD2594DF-CDAB-4C21-89F2-CC8DE2E3C412}.Debug|Any CPU.Build.0 = Debug|Any CPU
		{FD2594DF-CDAB-4C21-89F2-CC8DE2E3C412}.Debug|x64.ActiveCfg = Debug|Any CPU
		{FD2594DF-CDAB-4C21-89F2-CC8DE2E3C412}.Debug|x64.Build.0 = Debug|Any CPU
		{FD2594DF-CDAB-4C21-89F2-CC8DE2E3C412}.Debug|x86.ActiveCfg = Debug|Any CPU
		{FD2594DF-CDAB-4C21-89F2-CC8DE2E3C412}.Debug|x86.Build.0 = Debug|Any CPU
		{FD2594DF-CDAB-4C21-89F2-CC8DE2E3C412}.Release|Any CPU.ActiveCfg = Release|Any CPU
		{FD2594DF-CDAB-4C21-89F2-CC8DE2E3C412}.Release|Any CPU.Build.0 = Release|Any CPU
		{FD2594DF-CDAB-4C21-89F2-CC8DE2E3C412}.Release|x64.ActiveCfg = Release|Any CPU
		{FD2594DF-CDAB-4C21-89F2-CC8DE2E3C412}.Release|x64.Build.0 = Release|Any CPU
		{FD2594DF-CDAB-4C21-89F2-CC8DE2E3C412}.Release|x86.ActiveCfg = Release|Any CPU
		{FD2594DF-CDAB-4C21-89F2-CC8DE2E3C412}.Release|x86.Build.0 = Release|Any CPU
		{B03AF555-74AD-4D8F-90DC-81FEB832F0A2}.Debug|Any CPU.ActiveCfg = Debug|Any CPU
		{B03AF555-74AD-4D8F-90DC-81FEB832F0A2}.Debug|Any CPU.Build.0 = Debug|Any CPU
		{B03AF555-74AD-4D8F-90DC-81FEB832F0A2}.Debug|x64.ActiveCfg = Debug|Any CPU
		{B03AF555-74AD-4D8F-90DC-81FEB832F0A2}.Debug|x64.Build.0 = Debug|Any CPU
		{B03AF555-74AD-4D8F-90DC-81FEB832F0A2}.Debug|x86.ActiveCfg = Debug|Any CPU
		{B03AF555-74AD-4D8F-90DC-81FEB832F0A2}.Debug|x86.Build.0 = Debug|Any CPU
		{B03AF555-74AD-4D8F-90DC-81FEB832F0A2}.Release|Any CPU.ActiveCfg = Release|Any CPU
		{B03AF555-74AD-4D8F-90DC-81FEB832F0A2}.Release|Any CPU.Build.0 = Release|Any CPU
		{B03AF555-74AD-4D8F-90DC-81FEB832F0A2}.Release|x64.ActiveCfg = Release|Any CPU
		{B03AF555-74AD-4D8F-90DC-81FEB832F0A2}.Release|x64.Build.0 = Release|Any CPU
		{B03AF555-74AD-4D8F-90DC-81FEB832F0A2}.Release|x86.ActiveCfg = Release|Any CPU
		{B03AF555-74AD-4D8F-90DC-81FEB832F0A2}.Release|x86.Build.0 = Release|Any CPU
		{AE2F1D7C-34B9-4F92-B32E-661C6AA15BCA}.Debug|Any CPU.ActiveCfg = Debug|Any CPU
		{AE2F1D7C-34B9-4F92-B32E-661C6AA15BCA}.Debug|Any CPU.Build.0 = Debug|Any CPU
		{AE2F1D7C-34B9-4F92-B32E-661C6AA15BCA}.Debug|x64.ActiveCfg = Debug|Any CPU
		{AE2F1D7C-34B9-4F92-B32E-661C6AA15BCA}.Debug|x64.Build.0 = Debug|Any CPU
		{AE2F1D7C-34B9-4F92-B32E-661C6AA15BCA}.Debug|x86.ActiveCfg = Debug|Any CPU
		{AE2F1D7C-34B9-4F92-B32E-661C6AA15BCA}.Debug|x86.Build.0 = Debug|Any CPU
		{AE2F1D7C-34B9-4F92-B32E-661C6AA15BCA}.Release|Any CPU.ActiveCfg = Release|Any CPU
		{AE2F1D7C-34B9-4F92-B32E-661C6AA15BCA}.Release|Any CPU.Build.0 = Release|Any CPU
		{AE2F1D7C-34B9-4F92-B32E-661C6AA15BCA}.Release|x64.ActiveCfg = Release|Any CPU
		{AE2F1D7C-34B9-4F92-B32E-661C6AA15BCA}.Release|x64.Build.0 = Release|Any CPU
		{AE2F1D7C-34B9-4F92-B32E-661C6AA15BCA}.Release|x86.ActiveCfg = Release|Any CPU
		{AE2F1D7C-34B9-4F92-B32E-661C6AA15BCA}.Release|x86.Build.0 = Release|Any CPU
		{7A18A5F0-63BE-4DAD-833F-D709244865BD}.Debug|Any CPU.ActiveCfg = Debug|Any CPU
		{7A18A5F0-63BE-4DAD-833F-D709244865BD}.Debug|Any CPU.Build.0 = Debug|Any CPU
		{7A18A5F0-63BE-4DAD-833F-D709244865BD}.Debug|x64.ActiveCfg = Debug|Any CPU
		{7A18A5F0-63BE-4DAD-833F-D709244865BD}.Debug|x64.Build.0 = Debug|Any CPU
		{7A18A5F0-63BE-4DAD-833F-D709244865BD}.Debug|x86.ActiveCfg = Debug|Any CPU
		{7A18A5F0-63BE-4DAD-833F-D709244865BD}.Debug|x86.Build.0 = Debug|Any CPU
		{7A18A5F0-63BE-4DAD-833F-D709244865BD}.Release|Any CPU.ActiveCfg = Release|Any CPU
		{7A18A5F0-63BE-4DAD-833F-D709244865BD}.Release|Any CPU.Build.0 = Release|Any CPU
		{7A18A5F0-63BE-4DAD-833F-D709244865BD}.Release|x64.ActiveCfg = Release|Any CPU
		{7A18A5F0-63BE-4DAD-833F-D709244865BD}.Release|x64.Build.0 = Release|Any CPU
		{7A18A5F0-63BE-4DAD-833F-D709244865BD}.Release|x86.ActiveCfg = Release|Any CPU
		{7A18A5F0-63BE-4DAD-833F-D709244865BD}.Release|x86.Build.0 = Release|Any CPU
	EndGlobalSection
	GlobalSection(SolutionProperties) = preSolution
		HideSolutionNode = FALSE
	EndGlobalSection
	GlobalSection(NestedProjects) = preSolution
		{FD2594DF-CDAB-4C21-89F2-CC8DE2E3C412} = {C282870B-3AAF-4E04-B227-0118416C4A3C}
		{B03AF555-74AD-4D8F-90DC-81FEB832F0A2} = {E016D2A7-C663-4478-A675-5292853B34FD}
		{AE2F1D7C-34B9-4F92-B32E-661C6AA15BCA} = {C282870B-3AAF-4E04-B227-0118416C4A3C}
		{7A18A5F0-63BE-4DAD-833F-D709244865BD} = {C282870B-3AAF-4E04-B227-0118416C4A3C}
	EndGlobalSection
	GlobalSection(ExtensibilityGlobals) = postSolution
		SolutionGuid = {4CD8CA92-CA96-43CE-9D05-A2C76DA0A0FC}
	EndGlobalSection
EndGlobal
